// !$*UTF8*$!
{
	archiveVersion = 1;
	classes = {
	};
	objectVersion = 56;
	objects = {

/* Begin PBXBuildFile section */
		9E11898929C8E4FA0097A36C /* MenuBarCollectionView.swift in Sources */ = {isa = PBXBuildFile; fileRef = 9E11898829C8E4FA0097A36C /* MenuBarCollectionView.swift */; };
		9E1189AF29CA15B40097A36C /* MenuCell.swift in Sources */ = {isa = PBXBuildFile; fileRef = 9E1189AE29CA15B40097A36C /* MenuCell.swift */; };
		9E1189D329CB3D8C0097A36C /* CategoryCell.swift in Sources */ = {isa = PBXBuildFile; fileRef = 9E1189D229CB3D8C0097A36C /* CategoryCell.swift */; };
		9E1189D629CB40110097A36C /* ArticleModel.swift in Sources */ = {isa = PBXBuildFile; fileRef = 9E1189D529CB40110097A36C /* ArticleModel.swift */; };
		9E1189D829CB44420097A36C /* NewsTableViewCell.swift in Sources */ = {isa = PBXBuildFile; fileRef = 9E1189D729CB44420097A36C /* NewsTableViewCell.swift */; };
		9E59C67429BDF07A00F69204 /* AppDelegate.swift in Sources */ = {isa = PBXBuildFile; fileRef = 9E59C67329BDF07A00F69204 /* AppDelegate.swift */; };
		9E59C67629BDF07A00F69204 /* SceneDelegate.swift in Sources */ = {isa = PBXBuildFile; fileRef = 9E59C67529BDF07A00F69204 /* SceneDelegate.swift */; };
		9E59C67829BDF07A00F69204 /* ViewController.swift in Sources */ = {isa = PBXBuildFile; fileRef = 9E59C67729BDF07A00F69204 /* ViewController.swift */; };
		9E59C67B29BDF07A00F69204 /* Main.storyboard in Resources */ = {isa = PBXBuildFile; fileRef = 9E59C67929BDF07A00F69204 /* Main.storyboard */; };
		9E59C67D29BDF07A00F69204 /* Assets.xcassets in Resources */ = {isa = PBXBuildFile; fileRef = 9E59C67C29BDF07A00F69204 /* Assets.xcassets */; };
		9E59C68029BDF07A00F69204 /* LaunchScreen.storyboard in Resources */ = {isa = PBXBuildFile; fileRef = 9E59C67E29BDF07A00F69204 /* LaunchScreen.storyboard */; };
		9EA11AFF29C799C800135EF7 /* SnapKit in Frameworks */ = {isa = PBXBuildFile; productRef = 9EA11AFE29C799C800135EF7 /* SnapKit */; };
		9EB1C61029CB992B00476732 /* DetailedViewController.swift in Sources */ = {isa = PBXBuildFile; fileRef = 9EB1C60F29CB992B00476732 /* DetailedViewController.swift */; };
		9EB1C61229CC94CC00476732 /* LoginViewController.swift in Sources */ = {isa = PBXBuildFile; fileRef = 9EB1C61129CC94CC00476732 /* LoginViewController.swift */; };
		9EB1C61429CC9B6800476732 /* UserProfile.swift in Sources */ = {isa = PBXBuildFile; fileRef = 9EB1C61329CC9B6800476732 /* UserProfile.swift */; };
		9EB1C61629CC9D1900476732 /* EntertainmentCell.swift in Sources */ = {isa = PBXBuildFile; fileRef = 9EB1C61529CC9D1900476732 /* EntertainmentCell.swift */; };
		9EB1C61829CCA6CD00476732 /* EntTableViewCell.swift in Sources */ = {isa = PBXBuildFile; fileRef = 9EB1C61729CCA6CD00476732 /* EntTableViewCell.swift */; };
		9EB1C61D29CDDDA400476732 /* BusinessCell.swift in Sources */ = {isa = PBXBuildFile; fileRef = 9EB1C61C29CDDDA400476732 /* BusinessCell.swift */; };
		9EB1C61F29CDDDBB00476732 /* BusinessTableViewCell.swift in Sources */ = {isa = PBXBuildFile; fileRef = 9EB1C61E29CDDDBB00476732 /* BusinessTableViewCell.swift */; };
		9EB1C62229CDE2DE00476732 /* HealthTableViewCell.swift in Sources */ = {isa = PBXBuildFile; fileRef = 9EB1C62129CDE2DE00476732 /* HealthTableViewCell.swift */; };
		9EB1C62429CDE2EB00476732 /* HealthCell.swift in Sources */ = {isa = PBXBuildFile; fileRef = 9EB1C62329CDE2EB00476732 /* HealthCell.swift */; };
		9EB1C62729CDED0900476732 /* ScienceCell.swift in Sources */ = {isa = PBXBuildFile; fileRef = 9EB1C62629CDED0900476732 /* ScienceCell.swift */; };
		9EB1C62929CDED1700476732 /* ScienceTableViewCell.swift in Sources */ = {isa = PBXBuildFile; fileRef = 9EB1C62829CDED1700476732 /* ScienceTableViewCell.swift */; };
		9EB1C62C29CDF0DC00476732 /* SportsTableViewCell.swift in Sources */ = {isa = PBXBuildFile; fileRef = 9EB1C62B29CDF0DC00476732 /* SportsTableViewCell.swift */; };
		9EB1C62E29CDF0EA00476732 /* SportsCell.swift in Sources */ = {isa = PBXBuildFile; fileRef = 9EB1C62D29CDF0EA00476732 /* SportsCell.swift */; };
		9EB1C63129CDF30B00476732 /* TechnologyCell.swift in Sources */ = {isa = PBXBuildFile; fileRef = 9EB1C63029CDF30B00476732 /* TechnologyCell.swift */; };
		9EB1C63329CDF31F00476732 /* TechnologyTableViewCell.swift in Sources */ = {isa = PBXBuildFile; fileRef = 9EB1C63229CDF31F00476732 /* TechnologyTableViewCell.swift */; };
		9EB1C63529D07DB800476732 /* SearchViewController.swift in Sources */ = {isa = PBXBuildFile; fileRef = 9EB1C63429D07DB800476732 /* SearchViewController.swift */; };
		9EB1C63729D0902100476732 /* SearchTableViewCell.swift in Sources */ = {isa = PBXBuildFile; fileRef = 9EB1C63629D0902100476732 /* SearchTableViewCell.swift */; };
		9EB1C63929D2FBE700476732 /* GoogleService-Info.plist in Resources */ = {isa = PBXBuildFile; fileRef = 9EB1C63829D2FBE700476732 /* GoogleService-Info.plist */; };
		9EB1C63C29D3049500476732 /* FirebaseAuth in Frameworks */ = {isa = PBXBuildFile; productRef = 9EB1C63B29D3049500476732 /* FirebaseAuth */; };
		9EB1C63E29D3049500476732 /* FirebaseDatabase in Frameworks */ = {isa = PBXBuildFile; productRef = 9EB1C63D29D3049500476732 /* FirebaseDatabase */; };
		9EB1C64029D3049500476732 /* FirebaseDatabaseSwift in Frameworks */ = {isa = PBXBuildFile; productRef = 9EB1C63F29D3049500476732 /* FirebaseDatabaseSwift */; };
		9EB1C64229D3049500476732 /* FirebaseStorage in Frameworks */ = {isa = PBXBuildFile; productRef = 9EB1C64129D3049500476732 /* FirebaseStorage */; };
		9EB1C64429D3073B00476732 /* UserModel.swift in Sources */ = {isa = PBXBuildFile; fileRef = 9EB1C64329D3073B00476732 /* UserModel.swift */; };
		9EB1C64629D3150700476732 /* ImagePicker.swift in Sources */ = {isa = PBXBuildFile; fileRef = 9EB1C64529D3150700476732 /* ImagePicker.swift */; };
/* End PBXBuildFile section */

/* Begin PBXFileReference section */
		9E11898829C8E4FA0097A36C /* MenuBarCollectionView.swift */ = {isa = PBXFileReference; lastKnownFileType = sourcecode.swift; path = MenuBarCollectionView.swift; sourceTree = "<group>"; };
		9E1189AE29CA15B40097A36C /* MenuCell.swift */ = {isa = PBXFileReference; lastKnownFileType = sourcecode.swift; path = MenuCell.swift; sourceTree = "<group>"; };
		9E1189D229CB3D8C0097A36C /* CategoryCell.swift */ = {isa = PBXFileReference; lastKnownFileType = sourcecode.swift; path = CategoryCell.swift; sourceTree = "<group>"; };
		9E1189D529CB40110097A36C /* ArticleModel.swift */ = {isa = PBXFileReference; lastKnownFileType = sourcecode.swift; path = ArticleModel.swift; sourceTree = "<group>"; };
		9E1189D729CB44420097A36C /* NewsTableViewCell.swift */ = {isa = PBXFileReference; lastKnownFileType = sourcecode.swift; path = NewsTableViewCell.swift; sourceTree = "<group>"; };
		9E59C67029BDF07A00F69204 /* DailyNewsApp.app */ = {isa = PBXFileReference; explicitFileType = wrapper.application; includeInIndex = 0; path = DailyNewsApp.app; sourceTree = BUILT_PRODUCTS_DIR; };
		9E59C67329BDF07A00F69204 /* AppDelegate.swift */ = {isa = PBXFileReference; lastKnownFileType = sourcecode.swift; path = AppDelegate.swift; sourceTree = "<group>"; };
		9E59C67529BDF07A00F69204 /* SceneDelegate.swift */ = {isa = PBXFileReference; lastKnownFileType = sourcecode.swift; path = SceneDelegate.swift; sourceTree = "<group>"; };
		9E59C67729BDF07A00F69204 /* ViewController.swift */ = {isa = PBXFileReference; lastKnownFileType = sourcecode.swift; path = ViewController.swift; sourceTree = "<group>"; };
		9E59C67A29BDF07A00F69204 /* Base */ = {isa = PBXFileReference; lastKnownFileType = file.storyboard; name = Base; path = Base.lproj/Main.storyboard; sourceTree = "<group>"; };
		9E59C67C29BDF07A00F69204 /* Assets.xcassets */ = {isa = PBXFileReference; lastKnownFileType = folder.assetcatalog; path = Assets.xcassets; sourceTree = "<group>"; };
		9E59C67F29BDF07A00F69204 /* Base */ = {isa = PBXFileReference; lastKnownFileType = file.storyboard; name = Base; path = Base.lproj/LaunchScreen.storyboard; sourceTree = "<group>"; };
		9E59C68129BDF07A00F69204 /* Info.plist */ = {isa = PBXFileReference; lastKnownFileType = text.plist.xml; path = Info.plist; sourceTree = "<group>"; };
		9EB1C60F29CB992B00476732 /* DetailedViewController.swift */ = {isa = PBXFileReference; lastKnownFileType = sourcecode.swift; path = DetailedViewController.swift; sourceTree = "<group>"; };
		9EB1C61129CC94CC00476732 /* LoginViewController.swift */ = {isa = PBXFileReference; lastKnownFileType = sourcecode.swift; path = LoginViewController.swift; sourceTree = "<group>"; };
		9EB1C61329CC9B6800476732 /* UserProfile.swift */ = {isa = PBXFileReference; lastKnownFileType = sourcecode.swift; path = UserProfile.swift; sourceTree = "<group>"; };
		9EB1C61529CC9D1900476732 /* EntertainmentCell.swift */ = {isa = PBXFileReference; lastKnownFileType = sourcecode.swift; path = EntertainmentCell.swift; sourceTree = "<group>"; };
		9EB1C61729CCA6CD00476732 /* EntTableViewCell.swift */ = {isa = PBXFileReference; lastKnownFileType = sourcecode.swift; path = EntTableViewCell.swift; sourceTree = "<group>"; };
		9EB1C61C29CDDDA400476732 /* BusinessCell.swift */ = {isa = PBXFileReference; lastKnownFileType = sourcecode.swift; path = BusinessCell.swift; sourceTree = "<group>"; };
		9EB1C61E29CDDDBB00476732 /* BusinessTableViewCell.swift */ = {isa = PBXFileReference; lastKnownFileType = sourcecode.swift; path = BusinessTableViewCell.swift; sourceTree = "<group>"; };
		9EB1C62129CDE2DE00476732 /* HealthTableViewCell.swift */ = {isa = PBXFileReference; lastKnownFileType = sourcecode.swift; path = HealthTableViewCell.swift; sourceTree = "<group>"; };
		9EB1C62329CDE2EB00476732 /* HealthCell.swift */ = {isa = PBXFileReference; lastKnownFileType = sourcecode.swift; path = HealthCell.swift; sourceTree = "<group>"; };
		9EB1C62629CDED0900476732 /* ScienceCell.swift */ = {isa = PBXFileReference; lastKnownFileType = sourcecode.swift; path = ScienceCell.swift; sourceTree = "<group>"; };
		9EB1C62829CDED1700476732 /* ScienceTableViewCell.swift */ = {isa = PBXFileReference; lastKnownFileType = sourcecode.swift; path = ScienceTableViewCell.swift; sourceTree = "<group>"; };
		9EB1C62B29CDF0DC00476732 /* SportsTableViewCell.swift */ = {isa = PBXFileReference; lastKnownFileType = sourcecode.swift; path = SportsTableViewCell.swift; sourceTree = "<group>"; };
		9EB1C62D29CDF0EA00476732 /* SportsCell.swift */ = {isa = PBXFileReference; lastKnownFileType = sourcecode.swift; path = SportsCell.swift; sourceTree = "<group>"; };
		9EB1C63029CDF30B00476732 /* TechnologyCell.swift */ = {isa = PBXFileReference; lastKnownFileType = sourcecode.swift; path = TechnologyCell.swift; sourceTree = "<group>"; };
		9EB1C63229CDF31F00476732 /* TechnologyTableViewCell.swift */ = {isa = PBXFileReference; lastKnownFileType = sourcecode.swift; path = TechnologyTableViewCell.swift; sourceTree = "<group>"; };
		9EB1C63429D07DB800476732 /* SearchViewController.swift */ = {isa = PBXFileReference; lastKnownFileType = sourcecode.swift; path = SearchViewController.swift; sourceTree = "<group>"; };
		9EB1C63629D0902100476732 /* SearchTableViewCell.swift */ = {isa = PBXFileReference; lastKnownFileType = sourcecode.swift; path = SearchTableViewCell.swift; sourceTree = "<group>"; };
		9EB1C63829D2FBE700476732 /* GoogleService-Info.plist */ = {isa = PBXFileReference; fileEncoding = 4; lastKnownFileType = text.plist.xml; path = "GoogleService-Info.plist"; sourceTree = "<group>"; };
		9EB1C64329D3073B00476732 /* UserModel.swift */ = {isa = PBXFileReference; lastKnownFileType = sourcecode.swift; path = UserModel.swift; sourceTree = "<group>"; };
		9EB1C64529D3150700476732 /* ImagePicker.swift */ = {isa = PBXFileReference; lastKnownFileType = sourcecode.swift; path = ImagePicker.swift; sourceTree = "<group>"; };
/* End PBXFileReference section */

/* Begin PBXFrameworksBuildPhase section */
		9E59C66D29BDF07A00F69204 /* Frameworks */ = {
			isa = PBXFrameworksBuildPhase;
			buildActionMask = 2147483647;
			files = (
				9EB1C64029D3049500476732 /* FirebaseDatabaseSwift in Frameworks */,
				9EB1C63E29D3049500476732 /* FirebaseDatabase in Frameworks */,
				9EA11AFF29C799C800135EF7 /* SnapKit in Frameworks */,
				9EB1C64229D3049500476732 /* FirebaseStorage in Frameworks */,
				9EB1C63C29D3049500476732 /* FirebaseAuth in Frameworks */,
			);
			runOnlyForDeploymentPostprocessing = 0;
		};
/* End PBXFrameworksBuildPhase section */

/* Begin PBXGroup section */
		9E1189D429CB3DC10097A36C /* Cells */ = {
			isa = PBXGroup;
			children = (
				9EB1C63629D0902100476732 /* SearchTableViewCell.swift */,
				9EB1C61929CDDC3B00476732 /* TopHeadlines */,
				9EB1C61A29CDDD3E00476732 /* Entertainment */,
				9EB1C61B29CDDD7C00476732 /* Business */,
				9EB1C62029CDE2C600476732 /* Health */,
				9EB1C62529CDECF400476732 /* Science */,
				9EB1C62A29CDF0C500476732 /* Sports */,
				9EB1C62F29CDF2EF00476732 /* Technology */,
				9E1189AE29CA15B40097A36C /* MenuCell.swift */,
			);
			path = Cells;
			sourceTree = "<group>";
		};
		9E59C66729BDF07A00F69204 = {
			isa = PBXGroup;
			children = (
				9E59C67229BDF07A00F69204 /* DailyNewsApp */,
				9E59C67129BDF07A00F69204 /* Products */,
			);
			sourceTree = "<group>";
		};
		9E59C67129BDF07A00F69204 /* Products */ = {
			isa = PBXGroup;
			children = (
				9E59C67029BDF07A00F69204 /* DailyNewsApp.app */,
			);
			name = Products;
			sourceTree = "<group>";
		};
		9E59C67229BDF07A00F69204 /* DailyNewsApp */ = {
			isa = PBXGroup;
			children = (
				9EA11AFB29C7565900135EF7 /* Controllers */,
				9EA11AFA29C7564C00135EF7 /* Views */,
				9EA11AF929C7564100135EF7 /* Models */,
				9EA11AFC29C7566200135EF7 /* SupportFiles */,
				9E59C68129BDF07A00F69204 /* Info.plist */,
				9EB1C63829D2FBE700476732 /* GoogleService-Info.plist */,
			);
			path = DailyNewsApp;
			sourceTree = "<group>";
		};
		9EA11AF929C7564100135EF7 /* Models */ = {
			isa = PBXGroup;
			children = (
				9E1189D529CB40110097A36C /* ArticleModel.swift */,
				9EB1C64329D3073B00476732 /* UserModel.swift */,
			);
			path = Models;
			sourceTree = "<group>";
		};
		9EA11AFA29C7564C00135EF7 /* Views */ = {
			isa = PBXGroup;
			children = (
				9E59C67929BDF07A00F69204 /* Main.storyboard */,
				9E59C67E29BDF07A00F69204 /* LaunchScreen.storyboard */,
			);
			path = Views;
			sourceTree = "<group>";
		};
		9EA11AFB29C7565900135EF7 /* Controllers */ = {
			isa = PBXGroup;
			children = (
				9E59C67729BDF07A00F69204 /* ViewController.swift */,
				9E11898829C8E4FA0097A36C /* MenuBarCollectionView.swift */,
				9EB1C60F29CB992B00476732 /* DetailedViewController.swift */,
				9EB1C61129CC94CC00476732 /* LoginViewController.swift */,
				9EB1C61329CC9B6800476732 /* UserProfile.swift */,
				9EB1C64529D3150700476732 /* ImagePicker.swift */,
				9EB1C63429D07DB800476732 /* SearchViewController.swift */,
				9E1189D429CB3DC10097A36C /* Cells */,
			);
			path = Controllers;
			sourceTree = "<group>";
		};
		9EA11AFC29C7566200135EF7 /* SupportFiles */ = {
			isa = PBXGroup;
			children = (
				9E59C67329BDF07A00F69204 /* AppDelegate.swift */,
				9E59C67529BDF07A00F69204 /* SceneDelegate.swift */,
				9E59C67C29BDF07A00F69204 /* Assets.xcassets */,
			);
			path = SupportFiles;
			sourceTree = "<group>";
		};
		9EB1C61929CDDC3B00476732 /* TopHeadlines */ = {
			isa = PBXGroup;
			children = (
				9E1189D229CB3D8C0097A36C /* CategoryCell.swift */,
				9E1189D729CB44420097A36C /* NewsTableViewCell.swift */,
			);
			path = TopHeadlines;
			sourceTree = "<group>";
		};
		9EB1C61A29CDDD3E00476732 /* Entertainment */ = {
			isa = PBXGroup;
			children = (
				9EB1C61529CC9D1900476732 /* EntertainmentCell.swift */,
				9EB1C61729CCA6CD00476732 /* EntTableViewCell.swift */,
			);
			path = Entertainment;
			sourceTree = "<group>";
		};
		9EB1C61B29CDDD7C00476732 /* Business */ = {
			isa = PBXGroup;
			children = (
				9EB1C61C29CDDDA400476732 /* BusinessCell.swift */,
				9EB1C61E29CDDDBB00476732 /* BusinessTableViewCell.swift */,
			);
			path = Business;
			sourceTree = "<group>";
		};
		9EB1C62029CDE2C600476732 /* Health */ = {
			isa = PBXGroup;
			children = (
				9EB1C62329CDE2EB00476732 /* HealthCell.swift */,
				9EB1C62129CDE2DE00476732 /* HealthTableViewCell.swift */,
			);
			path = Health;
			sourceTree = "<group>";
		};
		9EB1C62529CDECF400476732 /* Science */ = {
			isa = PBXGroup;
			children = (
				9EB1C62629CDED0900476732 /* ScienceCell.swift */,
				9EB1C62829CDED1700476732 /* ScienceTableViewCell.swift */,
			);
			path = Science;
			sourceTree = "<group>";
		};
		9EB1C62A29CDF0C500476732 /* Sports */ = {
			isa = PBXGroup;
			children = (
				9EB1C62D29CDF0EA00476732 /* SportsCell.swift */,
				9EB1C62B29CDF0DC00476732 /* SportsTableViewCell.swift */,
			);
			path = Sports;
			sourceTree = "<group>";
		};
		9EB1C62F29CDF2EF00476732 /* Technology */ = {
			isa = PBXGroup;
			children = (
				9EB1C63029CDF30B00476732 /* TechnologyCell.swift */,
				9EB1C63229CDF31F00476732 /* TechnologyTableViewCell.swift */,
			);
			path = Technology;
			sourceTree = "<group>";
		};
/* End PBXGroup section */

/* Begin PBXNativeTarget section */
		9E59C66F29BDF07A00F69204 /* DailyNewsApp */ = {
			isa = PBXNativeTarget;
			buildConfigurationList = 9E59C68429BDF07A00F69204 /* Build configuration list for PBXNativeTarget "DailyNewsApp" */;
			buildPhases = (
				9E59C66C29BDF07A00F69204 /* Sources */,
				9E59C66D29BDF07A00F69204 /* Frameworks */,
				9E59C66E29BDF07A00F69204 /* Resources */,
			);
			buildRules = (
			);
			dependencies = (
			);
			name = DailyNewsApp;
			packageProductDependencies = (
				9EA11AFE29C799C800135EF7 /* SnapKit */,
				9EB1C63B29D3049500476732 /* FirebaseAuth */,
				9EB1C63D29D3049500476732 /* FirebaseDatabase */,
				9EB1C63F29D3049500476732 /* FirebaseDatabaseSwift */,
				9EB1C64129D3049500476732 /* FirebaseStorage */,
			);
			productName = DailyNewsApp;
			productReference = 9E59C67029BDF07A00F69204 /* DailyNewsApp.app */;
			productType = "com.apple.product-type.application";
		};
/* End PBXNativeTarget section */

/* Begin PBXProject section */
		9E59C66829BDF07A00F69204 /* Project object */ = {
			isa = PBXProject;
			attributes = {
				BuildIndependentTargetsInParallel = 1;
				LastSwiftUpdateCheck = 1420;
				LastUpgradeCheck = 1420;
				TargetAttributes = {
					9E59C66F29BDF07A00F69204 = {
						CreatedOnToolsVersion = 14.2;
					};
				};
			};
			buildConfigurationList = 9E59C66B29BDF07A00F69204 /* Build configuration list for PBXProject "DailyNewsApp" */;
			compatibilityVersion = "Xcode 14.0";
			developmentRegion = en;
			hasScannedForEncodings = 0;
			knownRegions = (
				en,
				Base,
			);
			mainGroup = 9E59C66729BDF07A00F69204;
			packageReferences = (
				9EA11AFD29C799C800135EF7 /* XCRemoteSwiftPackageReference "SnapKit" */,
				9EB1C63A29D3049500476732 /* XCRemoteSwiftPackageReference "firebase-ios-sdk" */,
			);
			productRefGroup = 9E59C67129BDF07A00F69204 /* Products */;
			projectDirPath = "";
			projectRoot = "";
			targets = (
				9E59C66F29BDF07A00F69204 /* DailyNewsApp */,
			);
		};
/* End PBXProject section */

/* Begin PBXResourcesBuildPhase section */
		9E59C66E29BDF07A00F69204 /* Resources */ = {
			isa = PBXResourcesBuildPhase;
			buildActionMask = 2147483647;
			files = (
				9E59C68029BDF07A00F69204 /* LaunchScreen.storyboard in Resources */,
				9EB1C63929D2FBE700476732 /* GoogleService-Info.plist in Resources */,
				9E59C67D29BDF07A00F69204 /* Assets.xcassets in Resources */,
				9E59C67B29BDF07A00F69204 /* Main.storyboard in Resources */,
			);
			runOnlyForDeploymentPostprocessing = 0;
		};
/* End PBXResourcesBuildPhase section */

/* Begin PBXSourcesBuildPhase section */
		9E59C66C29BDF07A00F69204 /* Sources */ = {
			isa = PBXSourcesBuildPhase;
			buildActionMask = 2147483647;
			files = (
				9E59C67829BDF07A00F69204 /* ViewController.swift in Sources */,
				9EB1C63129CDF30B00476732 /* TechnologyCell.swift in Sources */,
				9EB1C62E29CDF0EA00476732 /* SportsCell.swift in Sources */,
				9EB1C64629D3150700476732 /* ImagePicker.swift in Sources */,
				9E1189AF29CA15B40097A36C /* MenuCell.swift in Sources */,
				9EB1C63329CDF31F00476732 /* TechnologyTableViewCell.swift in Sources */,
				9E1189D829CB44420097A36C /* NewsTableViewCell.swift in Sources */,
				9E59C67429BDF07A00F69204 /* AppDelegate.swift in Sources */,
				9EB1C61629CC9D1900476732 /* EntertainmentCell.swift in Sources */,
				9EB1C62929CDED1700476732 /* ScienceTableViewCell.swift in Sources */,
				9EB1C61F29CDDDBB00476732 /* BusinessTableViewCell.swift in Sources */,
				9EB1C61829CCA6CD00476732 /* EntTableViewCell.swift in Sources */,
				9E59C67629BDF07A00F69204 /* SceneDelegate.swift in Sources */,
				9EB1C62729CDED0900476732 /* ScienceCell.swift in Sources */,
				9EB1C61D29CDDDA400476732 /* BusinessCell.swift in Sources */,
				9EB1C61429CC9B6800476732 /* UserProfile.swift in Sources */,
				9EB1C62429CDE2EB00476732 /* HealthCell.swift in Sources */,
				9EB1C61029CB992B00476732 /* DetailedViewController.swift in Sources */,
				9EB1C62C29CDF0DC00476732 /* SportsTableViewCell.swift in Sources */,
				9EB1C64429D3073B00476732 /* UserModel.swift in Sources */,
				9EB1C63529D07DB800476732 /* SearchViewController.swift in Sources */,
				9EB1C63729D0902100476732 /* SearchTableViewCell.swift in Sources */,
				9E11898929C8E4FA0097A36C /* MenuBarCollectionView.swift in Sources */,
				9E1189D629CB40110097A36C /* ArticleModel.swift in Sources */,
				9EB1C62229CDE2DE00476732 /* HealthTableViewCell.swift in Sources */,
				9EB1C61229CC94CC00476732 /* LoginViewController.swift in Sources */,
				9E1189D329CB3D8C0097A36C /* CategoryCell.swift in Sources */,
			);
			runOnlyForDeploymentPostprocessing = 0;
		};
/* End PBXSourcesBuildPhase section */

/* Begin PBXVariantGroup section */
		9E59C67929BDF07A00F69204 /* Main.storyboard */ = {
			isa = PBXVariantGroup;
			children = (
				9E59C67A29BDF07A00F69204 /* Base */,
			);
			name = Main.storyboard;
			sourceTree = "<group>";
		};
		9E59C67E29BDF07A00F69204 /* LaunchScreen.storyboard */ = {
			isa = PBXVariantGroup;
			children = (
				9E59C67F29BDF07A00F69204 /* Base */,
			);
			name = LaunchScreen.storyboard;
			sourceTree = "<group>";
		};
/* End PBXVariantGroup section */

/* Begin XCBuildConfiguration section */
		9E59C68229BDF07A00F69204 /* Debug */ = {
			isa = XCBuildConfiguration;
			buildSettings = {
				ALWAYS_SEARCH_USER_PATHS = NO;
				CLANG_ANALYZER_NONNULL = YES;
				CLANG_ANALYZER_NUMBER_OBJECT_CONVERSION = YES_AGGRESSIVE;
				CLANG_CXX_LANGUAGE_STANDARD = "gnu++20";
				CLANG_ENABLE_MODULES = YES;
				CLANG_ENABLE_OBJC_ARC = YES;
				CLANG_ENABLE_OBJC_WEAK = YES;
				CLANG_WARN_BLOCK_CAPTURE_AUTORELEASING = YES;
				CLANG_WARN_BOOL_CONVERSION = YES;
				CLANG_WARN_COMMA = YES;
				CLANG_WARN_CONSTANT_CONVERSION = YES;
				CLANG_WARN_DEPRECATED_OBJC_IMPLEMENTATIONS = YES;
				CLANG_WARN_DIRECT_OBJC_ISA_USAGE = YES_ERROR;
				CLANG_WARN_DOCUMENTATION_COMMENTS = YES;
				CLANG_WARN_EMPTY_BODY = YES;
				CLANG_WARN_ENUM_CONVERSION = YES;
				CLANG_WARN_INFINITE_RECURSION = YES;
				CLANG_WARN_INT_CONVERSION = YES;
				CLANG_WARN_NON_LITERAL_NULL_CONVERSION = YES;
				CLANG_WARN_OBJC_IMPLICIT_RETAIN_SELF = YES;
				CLANG_WARN_OBJC_LITERAL_CONVERSION = YES;
				CLANG_WARN_OBJC_ROOT_CLASS = YES_ERROR;
				CLANG_WARN_QUOTED_INCLUDE_IN_FRAMEWORK_HEADER = YES;
				CLANG_WARN_RANGE_LOOP_ANALYSIS = YES;
				CLANG_WARN_STRICT_PROTOTYPES = YES;
				CLANG_WARN_SUSPICIOUS_MOVE = YES;
				CLANG_WARN_UNGUARDED_AVAILABILITY = YES_AGGRESSIVE;
				CLANG_WARN_UNREACHABLE_CODE = YES;
				CLANG_WARN__DUPLICATE_METHOD_MATCH = YES;
				COPY_PHASE_STRIP = NO;
				DEBUG_INFORMATION_FORMAT = dwarf;
				ENABLE_STRICT_OBJC_MSGSEND = YES;
				ENABLE_TESTABILITY = YES;
				GCC_C_LANGUAGE_STANDARD = gnu11;
				GCC_DYNAMIC_NO_PIC = NO;
				GCC_NO_COMMON_BLOCKS = YES;
				GCC_OPTIMIZATION_LEVEL = 0;
				GCC_PREPROCESSOR_DEFINITIONS = (
					"DEBUG=1",
					"$(inherited)",
				);
				GCC_WARN_64_TO_32_BIT_CONVERSION = YES;
				GCC_WARN_ABOUT_RETURN_TYPE = YES_ERROR;
				GCC_WARN_UNDECLARED_SELECTOR = YES;
				GCC_WARN_UNINITIALIZED_AUTOS = YES_AGGRESSIVE;
				GCC_WARN_UNUSED_FUNCTION = YES;
				GCC_WARN_UNUSED_VARIABLE = YES;
				IPHONEOS_DEPLOYMENT_TARGET = 16.2;
				MTL_ENABLE_DEBUG_INFO = INCLUDE_SOURCE;
				MTL_FAST_MATH = YES;
				ONLY_ACTIVE_ARCH = YES;
				SDKROOT = iphoneos;
				SWIFT_ACTIVE_COMPILATION_CONDITIONS = DEBUG;
				SWIFT_OPTIMIZATION_LEVEL = "-Onone";
			};
			name = Debug;
		};
		9E59C68329BDF07A00F69204 /* Release */ = {
			isa = XCBuildConfiguration;
			buildSettings = {
				ALWAYS_SEARCH_USER_PATHS = NO;
				CLANG_ANALYZER_NONNULL = YES;
				CLANG_ANALYZER_NUMBER_OBJECT_CONVERSION = YES_AGGRESSIVE;
				CLANG_CXX_LANGUAGE_STANDARD = "gnu++20";
				CLANG_ENABLE_MODULES = YES;
				CLANG_ENABLE_OBJC_ARC = YES;
				CLANG_ENABLE_OBJC_WEAK = YES;
				CLANG_WARN_BLOCK_CAPTURE_AUTORELEASING = YES;
				CLANG_WARN_BOOL_CONVERSION = YES;
				CLANG_WARN_COMMA = YES;
				CLANG_WARN_CONSTANT_CONVERSION = YES;
				CLANG_WARN_DEPRECATED_OBJC_IMPLEMENTATIONS = YES;
				CLANG_WARN_DIRECT_OBJC_ISA_USAGE = YES_ERROR;
				CLANG_WARN_DOCUMENTATION_COMMENTS = YES;
				CLANG_WARN_EMPTY_BODY = YES;
				CLANG_WARN_ENUM_CONVERSION = YES;
				CLANG_WARN_INFINITE_RECURSION = YES;
				CLANG_WARN_INT_CONVERSION = YES;
				CLANG_WARN_NON_LITERAL_NULL_CONVERSION = YES;
				CLANG_WARN_OBJC_IMPLICIT_RETAIN_SELF = YES;
				CLANG_WARN_OBJC_LITERAL_CONVERSION = YES;
				CLANG_WARN_OBJC_ROOT_CLASS = YES_ERROR;
				CLANG_WARN_QUOTED_INCLUDE_IN_FRAMEWORK_HEADER = YES;
				CLANG_WARN_RANGE_LOOP_ANALYSIS = YES;
				CLANG_WARN_STRICT_PROTOTYPES = YES;
				CLANG_WARN_SUSPICIOUS_MOVE = YES;
				CLANG_WARN_UNGUARDED_AVAILABILITY = YES_AGGRESSIVE;
				CLANG_WARN_UNREACHABLE_CODE = YES;
				CLANG_WARN__DUPLICATE_METHOD_MATCH = YES;
				COPY_PHASE_STRIP = NO;
				DEBUG_INFORMATION_FORMAT = "dwarf-with-dsym";
				ENABLE_NS_ASSERTIONS = NO;
				ENABLE_STRICT_OBJC_MSGSEND = YES;
				GCC_C_LANGUAGE_STANDARD = gnu11;
				GCC_NO_COMMON_BLOCKS = YES;
				GCC_WARN_64_TO_32_BIT_CONVERSION = YES;
				GCC_WARN_ABOUT_RETURN_TYPE = YES_ERROR;
				GCC_WARN_UNDECLARED_SELECTOR = YES;
				GCC_WARN_UNINITIALIZED_AUTOS = YES_AGGRESSIVE;
				GCC_WARN_UNUSED_FUNCTION = YES;
				GCC_WARN_UNUSED_VARIABLE = YES;
				IPHONEOS_DEPLOYMENT_TARGET = 16.2;
				MTL_ENABLE_DEBUG_INFO = NO;
				MTL_FAST_MATH = YES;
				SDKROOT = iphoneos;
				SWIFT_COMPILATION_MODE = wholemodule;
				SWIFT_OPTIMIZATION_LEVEL = "-O";
				VALIDATE_PRODUCT = YES;
			};
			name = Release;
		};
		9E59C68529BDF07A00F69204 /* Debug */ = {
			isa = XCBuildConfiguration;
			buildSettings = {
				ASSETCATALOG_COMPILER_APPICON_NAME = AppIcon;
				ASSETCATALOG_COMPILER_GLOBAL_ACCENT_COLOR_NAME = AccentColor;
				CODE_SIGN_STYLE = Automatic;
				CURRENT_PROJECT_VERSION = 1;
				GENERATE_INFOPLIST_FILE = YES;
				INFOPLIST_FILE = DailyNewsApp/Info.plist;
				INFOPLIST_KEY_UIApplicationSupportsIndirectInputEvents = YES;
				INFOPLIST_KEY_UILaunchStoryboardName = LaunchScreen;
				INFOPLIST_KEY_UIMainStoryboardFile = Main;
				INFOPLIST_KEY_UISupportedInterfaceOrientations = UIInterfaceOrientationPortrait;
				INFOPLIST_KEY_UISupportedInterfaceOrientations_iPad = "UIInterfaceOrientationLandscapeLeft UIInterfaceOrientationLandscapeRight UIInterfaceOrientationPortrait UIInterfaceOrientationPortraitUpsideDown";
				LD_RUNPATH_SEARCH_PATHS = (
					"$(inherited)",
					"@executable_path/Frameworks",
				);
				MARKETING_VERSION = 1.0;
				PRODUCT_BUNDLE_IDENTIFIER = com.i39.DailyNewsApp;
				PRODUCT_NAME = "$(TARGET_NAME)";
				SWIFT_EMIT_LOC_STRINGS = YES;
				SWIFT_VERSION = 5.0;
				TARGETED_DEVICE_FAMILY = "1,2";
			};
			name = Debug;
		};
		9E59C68629BDF07A00F69204 /* Release */ = {
			isa = XCBuildConfiguration;
			buildSettings = {
				ASSETCATALOG_COMPILER_APPICON_NAME = AppIcon;
				ASSETCATALOG_COMPILER_GLOBAL_ACCENT_COLOR_NAME = AccentColor;
				CODE_SIGN_STYLE = Automatic;
				CURRENT_PROJECT_VERSION = 1;
				GENERATE_INFOPLIST_FILE = YES;
				INFOPLIST_FILE = DailyNewsApp/Info.plist;
				INFOPLIST_KEY_UIApplicationSupportsIndirectInputEvents = YES;
				INFOPLIST_KEY_UILaunchStoryboardName = LaunchScreen;
				INFOPLIST_KEY_UIMainStoryboardFile = Main;
				INFOPLIST_KEY_UISupportedInterfaceOrientations = UIInterfaceOrientationPortrait;
				INFOPLIST_KEY_UISupportedInterfaceOrientations_iPad = "UIInterfaceOrientationLandscapeLeft UIInterfaceOrientationLandscapeRight UIInterfaceOrientationPortrait UIInterfaceOrientationPortraitUpsideDown";
				LD_RUNPATH_SEARCH_PATHS = (
					"$(inherited)",
					"@executable_path/Frameworks",
				);
				MARKETING_VERSION = 1.0;
				PRODUCT_BUNDLE_IDENTIFIER = com.i39.DailyNewsApp;
				PRODUCT_NAME = "$(TARGET_NAME)";
				SWIFT_EMIT_LOC_STRINGS = YES;
				SWIFT_VERSION = 5.0;
				TARGETED_DEVICE_FAMILY = "1,2";
			};
			name = Release;
		};
/* End XCBuildConfiguration section */

/* Begin XCConfigurationList section */
		9E59C66B29BDF07A00F69204 /* Build configuration list for PBXProject "DailyNewsApp" */ = {
			isa = XCConfigurationList;
			buildConfigurations = (
				9E59C68229BDF07A00F69204 /* Debug */,
				9E59C68329BDF07A00F69204 /* Release */,
			);
			defaultConfigurationIsVisible = 0;
			defaultConfigurationName = Release;
		};
		9E59C68429BDF07A00F69204 /* Build configuration list for PBXNativeTarget "DailyNewsApp" */ = {
			isa = XCConfigurationList;
			buildConfigurations = (
				9E59C68529BDF07A00F69204 /* Debug */,
				9E59C68629BDF07A00F69204 /* Release */,
			);
			defaultConfigurationIsVisible = 0;
			defaultConfigurationName = Release;
		};
/* End XCConfigurationList section */

/* Begin XCRemoteSwiftPackageReference section */
		9EA11AFD29C799C800135EF7 /* XCRemoteSwiftPackageReference "SnapKit" */ = {
			isa = XCRemoteSwiftPackageReference;
			repositoryURL = "https://github.com/SnapKit/SnapKit.git";
			requirement = {
				kind = upToNextMajorVersion;
				minimumVersion = 5.0.0;
			};
		};
		9EB1C63A29D3049500476732 /* XCRemoteSwiftPackageReference "firebase-ios-sdk" */ = {
			isa = XCRemoteSwiftPackageReference;
			repositoryURL = "https://github.com/firebase/firebase-ios-sdk";
			requirement = {
				kind = upToNextMajorVersion;
				minimumVersion = 9.0.0;
			};
		};
/* End XCRemoteSwiftPackageReference section */

/* Begin XCSwiftPackageProductDependency section */
		9EA11AFE29C799C800135EF7 /* SnapKit */ = {
			isa = XCSwiftPackageProductDependency;
			package = 9EA11AFD29C799C800135EF7 /* XCRemoteSwiftPackageReference "SnapKit" */;
			productName = SnapKit;
		};
		9EB1C63B29D3049500476732 /* FirebaseAuth */ = {
			isa = XCSwiftPackageProductDependency;
			package = 9EB1C63A29D3049500476732 /* XCRemoteSwiftPackageReference "firebase-ios-sdk" */;
			productName = FirebaseAuth;
		};
		9EB1C63D29D3049500476732 /* FirebaseDatabase */ = {
			isa = XCSwiftPackageProductDependency;
			package = 9EB1C63A29D3049500476732 /* XCRemoteSwiftPackageReference "firebase-ios-sdk" */;
			productName = FirebaseDatabase;
		};
		9EB1C63F29D3049500476732 /* FirebaseDatabaseSwift */ = {
			isa = XCSwiftPackageProductDependency;
			package = 9EB1C63A29D3049500476732 /* XCRemoteSwiftPackageReference "firebase-ios-sdk" */;
			productName = FirebaseDatabaseSwift;
		};
		9EB1C64129D3049500476732 /* FirebaseStorage */ = {
			isa = XCSwiftPackageProductDependency;
			package = 9EB1C63A29D3049500476732 /* XCRemoteSwiftPackageReference "firebase-ios-sdk" */;
			productName = FirebaseStorage;
		};
/* End XCSwiftPackageProductDependency section */
	};
	rootObject = 9E59C66829BDF07A00F69204 /* Project object */;
}
